
Microsoft Visual Studio Solution File, Format Version 12.00
# Visual Studio Version 17
VisualStudioVersion = 17.14.36603.0 d17.14
MinimumVisualStudioVersion = 10.0.40219.1
Project("{FAE04EC0-301F-11D3-BF4B-00C04F79EFBC}") = "WebAPI", "WebAPI.csproj", "{E1034D49-C1ED-419E-A1D4-E2CC04DB7C56}"
EndProject
Project("{FAE04EC0-301F-11D3-BF4B-00C04F79EFBC}") = "Popa_Raul_lab11", "..\Popa_Raul_lab11\Popa_Raul_lab11\Popa_Raul_lab11.csproj", "{55A6249E-6CA2-4D13-ADE0-666A7D489FBD}"
EndProject
Global
	GlobalSection(SolutionConfigurationPlatforms) = preSolution
		Debug|Any CPU = Debug|Any CPU
		Release|Any CPU = Release|Any CPU
	EndGlobalSection
	GlobalSection(ProjectConfigurationPlatforms) = postSolution
		{E1034D49-C1ED-419E-A1D4-E2CC04DB7C56}.Debug|Any CPU.ActiveCfg = Debug|Any CPU
		{E1034D49-C1ED-419E-A1D4-E2CC04DB7C56}.Debug|Any CPU.Build.0 = Debug|Any CPU
		{E1034D49-C1ED-419E-A1D4-E2CC04DB7C56}.Release|Any CPU.ActiveCfg = Release|Any CPU
		{E1034D49-C1ED-419E-A1D4-E2CC04DB7C56}.Release|Any CPU.Build.0 = Release|Any CPU
		{55A6249E-6CA2-4D13-ADE0-666A7D489FBD}.Debug|Any CPU.ActiveCfg = Debug|Any CPU
		{55A6249E-6CA2-4D13-ADE0-666A7D489FBD}.Debug|Any CPU.Build.0 = Debug|Any CPU
		{55A6249E-6CA2-4D13-ADE0-666A7D489FBD}.Debug|Any CPU.Deploy.0 = Debug|Any CPU
		{55A6249E-6CA2-4D13-ADE0-666A7D489FBD}.Release|Any CPU.ActiveCfg = Release|Any CPU
		{55A6249E-6CA2-4D13-ADE0-666A7D489FBD}.Release|Any CPU.Build.0 = Release|Any CPU
	EndGlobalSection
	GlobalSection(SolutionProperties) = preSolution
		HideSolutionNode = FALSE
	EndGlobalSection
	GlobalSection(ExtensibilityGlobals) = postSolution
		SolutionGuid = {6BDF7092-0A67-45D4-8B74-01151E8F9D5D}
	EndGlobalSection
EndGlobal
